// !$*UTF8*$!
{
	archiveVersion = 1;
	classes = {
	};
	objectVersion = 56;
	objects = {

/* Begin PBXBuildFile section */
		1D1A96A32B8FA822007D0820 /* AppDelegate.swift in Sources */ = {isa = PBXBuildFile; fileRef = 1D1A96A22B8FA822007D0820 /* AppDelegate.swift */; };
		1D1A96A52B8FA822007D0820 /* SceneDelegate.swift in Sources */ = {isa = PBXBuildFile; fileRef = 1D1A96A42B8FA822007D0820 /* SceneDelegate.swift */; };
		1D1A96A72B8FA822007D0820 /* HomeScreenViewController.swift in Sources */ = {isa = PBXBuildFile; fileRef = 1D1A96A62B8FA822007D0820 /* HomeScreenViewController.swift */; };
		1D1A96AA2B8FA822007D0820 /* Main.storyboard in Resources */ = {isa = PBXBuildFile; fileRef = 1D1A96A82B8FA822007D0820 /* Main.storyboard */; };
		1D1A96AC2B8FA824007D0820 /* Assets.xcassets in Resources */ = {isa = PBXBuildFile; fileRef = 1D1A96AB2B8FA824007D0820 /* Assets.xcassets */; };
		1D1A96AF2B8FA824007D0820 /* LaunchScreen.storyboard in Resources */ = {isa = PBXBuildFile; fileRef = 1D1A96AD2B8FA824007D0820 /* LaunchScreen.storyboard */; };
		1D7297392B910CD9002D3A84 /* SplashScreenViewController.swift in Sources */ = {isa = PBXBuildFile; fileRef = 1D7297382B910CD9002D3A84 /* SplashScreenViewController.swift */; };
		1D72973B2B910CE7002D3A84 /* SplashScreen.storyboard in Resources */ = {isa = PBXBuildFile; fileRef = 1D72973A2B910CE7002D3A84 /* SplashScreen.storyboard */; };
		1D72973E2B910FF1002D3A84 /* Lottie in Frameworks */ = {isa = PBXBuildFile; productRef = 1D72973D2B910FF1002D3A84 /* Lottie */; };
		1D7297412B910FFD002D3A84 /* Kingfisher in Frameworks */ = {isa = PBXBuildFile; productRef = 1D7297402B910FFD002D3A84 /* Kingfisher */; };
		1D7297452B9110DE002D3A84 /* CZLoadingBar.json in Resources */ = {isa = PBXBuildFile; fileRef = 1D7297442B9110DE002D3A84 /* CZLoadingBar.json */; };
		1D7297482B9111DD002D3A84 /* OnboardingScreen.storyboard in Resources */ = {isa = PBXBuildFile; fileRef = 1D7297472B9111DD002D3A84 /* OnboardingScreen.storyboard */; };
		1D72974A2B9111F0002D3A84 /* OnboardingScreenViewController.swift in Sources */ = {isa = PBXBuildFile; fileRef = 1D7297492B9111F0002D3A84 /* OnboardingScreenViewController.swift */; };
/* End PBXBuildFile section */

/* Begin PBXFileReference section */
		1D1A969F2B8FA822007D0820 /* Comfort_Zone.app */ = {isa = PBXFileReference; explicitFileType = wrapper.application; includeInIndex = 0; path = Comfort_Zone.app; sourceTree = BUILT_PRODUCTS_DIR; };
		1D1A96A22B8FA822007D0820 /* AppDelegate.swift */ = {isa = PBXFileReference; lastKnownFileType = sourcecode.swift; path = AppDelegate.swift; sourceTree = "<group>"; };
		1D1A96A42B8FA822007D0820 /* SceneDelegate.swift */ = {isa = PBXFileReference; lastKnownFileType = sourcecode.swift; path = SceneDelegate.swift; sourceTree = "<group>"; };
		1D1A96A62B8FA822007D0820 /* HomeScreenViewController.swift */ = {isa = PBXFileReference; lastKnownFileType = sourcecode.swift; path = HomeScreenViewController.swift; sourceTree = "<group>"; };
		1D1A96A92B8FA822007D0820 /* Base */ = {isa = PBXFileReference; lastKnownFileType = file.storyboard; name = Base; path = Base.lproj/Main.storyboard; sourceTree = "<group>"; };
		1D1A96AB2B8FA824007D0820 /* Assets.xcassets */ = {isa = PBXFileReference; lastKnownFileType = folder.assetcatalog; path = Assets.xcassets; sourceTree = "<group>"; };
		1D1A96AE2B8FA824007D0820 /* Base */ = {isa = PBXFileReference; lastKnownFileType = file.storyboard; name = Base; path = Base.lproj/LaunchScreen.storyboard; sourceTree = "<group>"; };
		1D1A96B02B8FA824007D0820 /* Info.plist */ = {isa = PBXFileReference; lastKnownFileType = text.plist.xml; path = Info.plist; sourceTree = "<group>"; };
		1D7297382B910CD9002D3A84 /* SplashScreenViewController.swift */ = {isa = PBXFileReference; lastKnownFileType = sourcecode.swift; path = SplashScreenViewController.swift; sourceTree = "<group>"; };
		1D72973A2B910CE7002D3A84 /* SplashScreen.storyboard */ = {isa = PBXFileReference; lastKnownFileType = file.storyboard; path = SplashScreen.storyboard; sourceTree = "<group>"; };
		1D7297442B9110DE002D3A84 /* CZLoadingBar.json */ = {isa = PBXFileReference; fileEncoding = 4; lastKnownFileType = text.json; path = CZLoadingBar.json; sourceTree = "<group>"; };
		1D7297472B9111DD002D3A84 /* OnboardingScreen.storyboard */ = {isa = PBXFileReference; lastKnownFileType = file.storyboard; path = OnboardingScreen.storyboard; sourceTree = "<group>"; };
		1D7297492B9111F0002D3A84 /* OnboardingScreenViewController.swift */ = {isa = PBXFileReference; lastKnownFileType = sourcecode.swift; path = OnboardingScreenViewController.swift; sourceTree = "<group>"; };
/* End PBXFileReference section */

/* Begin PBXFrameworksBuildPhase section */
		1D1A969C2B8FA822007D0820 /* Frameworks */ = {
			isa = PBXFrameworksBuildPhase;
			buildActionMask = 2147483647;
			files = (
				1D7297412B910FFD002D3A84 /* Kingfisher in Frameworks */,
				1D72973E2B910FF1002D3A84 /* Lottie in Frameworks */,
			);
			runOnlyForDeploymentPostprocessing = 0;
		};
/* End PBXFrameworksBuildPhase section */

/* Begin PBXGroup section */
		1D1A96962B8FA822007D0820 = {
			isa = PBXGroup;
			children = (
				1D1A96A12B8FA822007D0820 /* Comfort_Zone */,
				1D1A96A02B8FA822007D0820 /* Products */,
			);
			sourceTree = "<group>";
		};
		1D1A96A02B8FA822007D0820 /* Products */ = {
			isa = PBXGroup;
			children = (
				1D1A969F2B8FA822007D0820 /* Comfort_Zone.app */,
			);
			name = Products;
			sourceTree = "<group>";
		};
		1D1A96A12B8FA822007D0820 /* Comfort_Zone */ = {
			isa = PBXGroup;
			children = (
				1D7297432B9110CC002D3A84 /* Animation */,
				1D7297422B9110B9002D3A84 /* Application */,
				1D7297352B910BFE002D3A84 /* Modules */,
				1D1A96AB2B8FA824007D0820 /* Assets.xcassets */,
				1D1A96AD2B8FA824007D0820 /* LaunchScreen.storyboard */,
				1D1A96B02B8FA824007D0820 /* Info.plist */,
			);
			path = Comfort_Zone;
			sourceTree = "<group>";
		};
		1D7297352B910BFE002D3A84 /* Modules */ = {
			isa = PBXGroup;
			children = (
				1D7297372B910CBE002D3A84 /* SplashScreenModule */,
				1D7297462B9111C4002D3A84 /* OnboardingScreenModule */,
				1D72974B2B911906002D3A84 /* LoginScreenModule */,
				1D7297362B910C5D002D3A84 /* HomeScreenModule */,
				1D72974D2B911939002D3A84 /* CategoryScreenModule */,
				1D72974C2B911915002D3A84 /* FavouriteScreenModule */,
				1D72974E2B91195F002D3A84 /* ProfileScreenModule */,
				1D7297522B911AA0002D3A84 /* ProductListScreenModule */,
				1D7297502B9119B8002D3A84 /* ProductDetailScreenModule */,
				1D7297532B911AFA002D3A84 /* CartScreenModule */,
				1D7297542B911B0C002D3A84 /* OrderConfirmPopup */,
			);
			path = Modules;
			sourceTree = "<group>";
		};
		1D7297362B910C5D002D3A84 /* HomeScreenModule */ = {
			isa = PBXGroup;
			children = (
				1D1A96A82B8FA822007D0820 /* Main.storyboard */,
				1D1A96A62B8FA822007D0820 /* HomeScreenViewController.swift */,
			);
			path = HomeScreenModule;
			sourceTree = "<group>";
		};
		1D7297372B910CBE002D3A84 /* SplashScreenModule */ = {
			isa = PBXGroup;
			children = (
				1D72973A2B910CE7002D3A84 /* SplashScreen.storyboard */,
				1D7297382B910CD9002D3A84 /* SplashScreenViewController.swift */,
			);
			path = SplashScreenModule;
			sourceTree = "<group>";
		};
		1D7297422B9110B9002D3A84 /* Application */ = {
			isa = PBXGroup;
			children = (
				1D1A96A22B8FA822007D0820 /* AppDelegate.swift */,
				1D1A96A42B8FA822007D0820 /* SceneDelegate.swift */,
			);
			path = Application;
			sourceTree = "<group>";
		};
		1D7297432B9110CC002D3A84 /* Animation */ = {
			isa = PBXGroup;
			children = (
				1D7297442B9110DE002D3A84 /* CZLoadingBar.json */,
			);
			path = Animation;
			sourceTree = "<group>";
		};
		1D7297462B9111C4002D3A84 /* OnboardingScreenModule */ = {
			isa = PBXGroup;
			children = (
				1D7297472B9111DD002D3A84 /* OnboardingScreen.storyboard */,
				1D7297492B9111F0002D3A84 /* OnboardingScreenViewController.swift */,
			);
			path = OnboardingScreenModule;
			sourceTree = "<group>";
		};
		1D72974B2B911906002D3A84 /* LoginScreenModule */ = {
			isa = PBXGroup;
			children = (
			);
			path = LoginScreenModule;
			sourceTree = "<group>";
		};
		1D72974C2B911915002D3A84 /* FavouriteScreenModule */ = {
			isa = PBXGroup;
			children = (
			);
			path = FavouriteScreenModule;
			sourceTree = "<group>";
		};
		1D72974D2B911939002D3A84 /* CategoryScreenModule */ = {
			isa = PBXGroup;
			children = (
			);
			path = CategoryScreenModule;
			sourceTree = "<group>";
		};
		1D72974E2B91195F002D3A84 /* ProfileScreenModule */ = {
			isa = PBXGroup;
			children = (
			);
			path = ProfileScreenModule;
			sourceTree = "<group>";
		};
		1D7297502B9119B8002D3A84 /* ProductDetailScreenModule */ = {
			isa = PBXGroup;
			children = (
			);
			path = ProductDetailScreenModule;
			sourceTree = "<group>";
		};
		1D7297522B911AA0002D3A84 /* ProductListScreenModule */ = {
			isa = PBXGroup;
			children = (
			);
			path = ProductListScreenModule;
			sourceTree = "<group>";
		};
		1D7297532B911AFA002D3A84 /* CartScreenModule */ = {
			isa = PBXGroup;
			children = (
			);
			path = CartScreenModule;
			sourceTree = "<group>";
		};
		1D7297542B911B0C002D3A84 /* OrderConfirmPopup */ = {
			isa = PBXGroup;
			children = (
			);
			path = OrderConfirmPopup;
			sourceTree = "<group>";
		};
/* End PBXGroup section */

/* Begin PBXNativeTarget section */
		1D1A969E2B8FA822007D0820 /* Comfort_Zone */ = {
			isa = PBXNativeTarget;
			buildConfigurationList = 1D1A96B32B8FA824007D0820 /* Build configuration list for PBXNativeTarget "Comfort_Zone" */;
			buildPhases = (
				1D1A969B2B8FA822007D0820 /* Sources */,
				1D1A969C2B8FA822007D0820 /* Frameworks */,
				1D1A969D2B8FA822007D0820 /* Resources */,
			);
			buildRules = (
			);
			dependencies = (
			);
			name = Comfort_Zone;
			packageProductDependencies = (
				1D72973D2B910FF1002D3A84 /* Lottie */,
				1D7297402B910FFD002D3A84 /* Kingfisher */,
			);
			productName = Comfort_Zone;
			productReference = 1D1A969F2B8FA822007D0820 /* Comfort_Zone.app */;
			productType = "com.apple.product-type.application";
		};
/* End PBXNativeTarget section */

/* Begin PBXProject section */
		1D1A96972B8FA822007D0820 /* Project object */ = {
			isa = PBXProject;
			attributes = {
				BuildIndependentTargetsInParallel = 1;
				LastSwiftUpdateCheck = 1500;
				LastUpgradeCheck = 1500;
				TargetAttributes = {
					1D1A969E2B8FA822007D0820 = {
						CreatedOnToolsVersion = 15.0.1;
					};
				};
			};
			buildConfigurationList = 1D1A969A2B8FA822007D0820 /* Build configuration list for PBXProject "Comfort_Zone" */;
			compatibilityVersion = "Xcode 14.0";
			developmentRegion = en;
			hasScannedForEncodings = 0;
			knownRegions = (
				en,
				Base,
			);
			mainGroup = 1D1A96962B8FA822007D0820;
			packageReferences = (
				1D72973C2B910FF1002D3A84 /* XCRemoteSwiftPackageReference "lottie-ios" */,
				1D72973F2B910FFD002D3A84 /* XCRemoteSwiftPackageReference "Kingfisher" */,
			);
			productRefGroup = 1D1A96A02B8FA822007D0820 /* Products */;
			projectDirPath = "";
			projectRoot = "";
			targets = (
				1D1A969E2B8FA822007D0820 /* Comfort_Zone */,
			);
		};
/* End PBXProject section */

/* Begin PBXResourcesBuildPhase section */
		1D1A969D2B8FA822007D0820 /* Resources */ = {
			isa = PBXResourcesBuildPhase;
			buildActionMask = 2147483647;
			files = (
				1D1A96AF2B8FA824007D0820 /* LaunchScreen.storyboard in Resources */,
				1D72973B2B910CE7002D3A84 /* SplashScreen.storyboard in Resources */,
				1D1A96AC2B8FA824007D0820 /* Assets.xcassets in Resources */,
				1D7297482B9111DD002D3A84 /* OnboardingScreen.storyboard in Resources */,
				1D1A96AA2B8FA822007D0820 /* Main.storyboard in Resources */,
				1D7297452B9110DE002D3A84 /* CZLoadingBar.json in Resources */,
			);
			runOnlyForDeploymentPostprocessing = 0;
		};
/* End PBXResourcesBuildPhase section */

/* Begin PBXSourcesBuildPhase section */
		1D1A969B2B8FA822007D0820 /* Sources */ = {
			isa = PBXSourcesBuildPhase;
			buildActionMask = 2147483647;
			files = (
				1D1A96A72B8FA822007D0820 /* HomeScreenViewController.swift in Sources */,
				1D1A96A32B8FA822007D0820 /* AppDelegate.swift in Sources */,
				1D7297392B910CD9002D3A84 /* SplashScreenViewController.swift in Sources */,
				1D1A96A52B8FA822007D0820 /* SceneDelegate.swift in Sources */,
				1D72974A2B9111F0002D3A84 /* OnboardingScreenViewController.swift in Sources */,
			);
			runOnlyForDeploymentPostprocessing = 0;
		};
/* End PBXSourcesBuildPhase section */

/* Begin PBXVariantGroup section */
		1D1A96A82B8FA822007D0820 /* Main.storyboard */ = {
			isa = PBXVariantGroup;
			children = (
				1D1A96A92B8FA822007D0820 /* Base */,
			);
			name = Main.storyboard;
			sourceTree = "<group>";
		};
		1D1A96AD2B8FA824007D0820 /* LaunchScreen.storyboard */ = {
			isa = PBXVariantGroup;
			children = (
				1D1A96AE2B8FA824007D0820 /* Base */,
			);
			name = LaunchScreen.storyboard;
			sourceTree = "<group>";
		};
/* End PBXVariantGroup section */

/* Begin XCBuildConfiguration section */
		1D1A96B12B8FA824007D0820 /* Debug */ = {
			isa = XCBuildConfiguration;
			buildSettings = {
				ALWAYS_SEARCH_USER_PATHS = NO;
				ASSETCATALOG_COMPILER_GENERATE_SWIFT_ASSET_SYMBOL_EXTENSIONS = YES;
				CLANG_ANALYZER_NONNULL = YES;
				CLANG_ANALYZER_NUMBER_OBJECT_CONVERSION = YES_AGGRESSIVE;
				CLANG_CXX_LANGUAGE_STANDARD = "gnu++20";
				CLANG_ENABLE_MODULES = YES;
				CLANG_ENABLE_OBJC_ARC = YES;
				CLANG_ENABLE_OBJC_WEAK = YES;
				CLANG_WARN_BLOCK_CAPTURE_AUTORELEASING = YES;
				CLANG_WARN_BOOL_CONVERSION = YES;
				CLANG_WARN_COMMA = YES;
				CLANG_WARN_CONSTANT_CONVERSION = YES;
				CLANG_WARN_DEPRECATED_OBJC_IMPLEMENTATIONS = YES;
				CLANG_WARN_DIRECT_OBJC_ISA_USAGE = YES_ERROR;
				CLANG_WARN_DOCUMENTATION_COMMENTS = YES;
				CLANG_WARN_EMPTY_BODY = YES;
				CLANG_WARN_ENUM_CONVERSION = YES;
				CLANG_WARN_INFINITE_RECURSION = YES;
				CLANG_WARN_INT_CONVERSION = YES;
				CLANG_WARN_NON_LITERAL_NULL_CONVERSION = YES;
				CLANG_WARN_OBJC_IMPLICIT_RETAIN_SELF = YES;
				CLANG_WARN_OBJC_LITERAL_CONVERSION = YES;
				CLANG_WARN_OBJC_ROOT_CLASS = YES_ERROR;
				CLANG_WARN_QUOTED_INCLUDE_IN_FRAMEWORK_HEADER = YES;
				CLANG_WARN_RANGE_LOOP_ANALYSIS = YES;
				CLANG_WARN_STRICT_PROTOTYPES = YES;
				CLANG_WARN_SUSPICIOUS_MOVE = YES;
				CLANG_WARN_UNGUARDED_AVAILABILITY = YES_AGGRESSIVE;
				CLANG_WARN_UNREACHABLE_CODE = YES;
				CLANG_WARN__DUPLICATE_METHOD_MATCH = YES;
				COPY_PHASE_STRIP = NO;
				DEBUG_INFORMATION_FORMAT = dwarf;
				ENABLE_STRICT_OBJC_MSGSEND = YES;
				ENABLE_TESTABILITY = YES;
				ENABLE_USER_SCRIPT_SANDBOXING = YES;
				GCC_C_LANGUAGE_STANDARD = gnu17;
				GCC_DYNAMIC_NO_PIC = NO;
				GCC_NO_COMMON_BLOCKS = YES;
				GCC_OPTIMIZATION_LEVEL = 0;
				GCC_PREPROCESSOR_DEFINITIONS = (
					"DEBUG=1",
					"$(inherited)",
				);
				GCC_WARN_64_TO_32_BIT_CONVERSION = YES;
				GCC_WARN_ABOUT_RETURN_TYPE = YES_ERROR;
				GCC_WARN_UNDECLARED_SELECTOR = YES;
				GCC_WARN_UNINITIALIZED_AUTOS = YES_AGGRESSIVE;
				GCC_WARN_UNUSED_FUNCTION = YES;
				GCC_WARN_UNUSED_VARIABLE = YES;
				IPHONEOS_DEPLOYMENT_TARGET = 17.0;
				LOCALIZATION_PREFERS_STRING_CATALOGS = YES;
				MTL_ENABLE_DEBUG_INFO = INCLUDE_SOURCE;
				MTL_FAST_MATH = YES;
				ONLY_ACTIVE_ARCH = YES;
				SDKROOT = iphoneos;
				SWIFT_ACTIVE_COMPILATION_CONDITIONS = "DEBUG $(inherited)";
				SWIFT_OPTIMIZATION_LEVEL = "-Onone";
			};
			name = Debug;
		};
		1D1A96B22B8FA824007D0820 /* Release */ = {
			isa = XCBuildConfiguration;
			buildSettings = {
				ALWAYS_SEARCH_USER_PATHS = NO;
				ASSETCATALOG_COMPILER_GENERATE_SWIFT_ASSET_SYMBOL_EXTENSIONS = YES;
				CLANG_ANALYZER_NONNULL = YES;
				CLANG_ANALYZER_NUMBER_OBJECT_CONVERSION = YES_AGGRESSIVE;
				CLANG_CXX_LANGUAGE_STANDARD = "gnu++20";
				CLANG_ENABLE_MODULES = YES;
				CLANG_ENABLE_OBJC_ARC = YES;
				CLANG_ENABLE_OBJC_WEAK = YES;
				CLANG_WARN_BLOCK_CAPTURE_AUTORELEASING = YES;
				CLANG_WARN_BOOL_CONVERSION = YES;
				CLANG_WARN_COMMA = YES;
				CLANG_WARN_CONSTANT_CONVERSION = YES;
				CLANG_WARN_DEPRECATED_OBJC_IMPLEMENTATIONS = YES;
				CLANG_WARN_DIRECT_OBJC_ISA_USAGE = YES_ERROR;
				CLANG_WARN_DOCUMENTATION_COMMENTS = YES;
				CLANG_WARN_EMPTY_BODY = YES;
				CLANG_WARN_ENUM_CONVERSION = YES;
				CLANG_WARN_INFINITE_RECURSION = YES;
				CLANG_WARN_INT_CONVERSION = YES;
				CLANG_WARN_NON_LITERAL_NULL_CONVERSION = YES;
				CLANG_WARN_OBJC_IMPLICIT_RETAIN_SELF = YES;
				CLANG_WARN_OBJC_LITERAL_CONVERSION = YES;
				CLANG_WARN_OBJC_ROOT_CLASS = YES_ERROR;
				CLANG_WARN_QUOTED_INCLUDE_IN_FRAMEWORK_HEADER = YES;
				CLANG_WARN_RANGE_LOOP_ANALYSIS = YES;
				CLANG_WARN_STRICT_PROTOTYPES = YES;
				CLANG_WARN_SUSPICIOUS_MOVE = YES;
				CLANG_WARN_UNGUARDED_AVAILABILITY = YES_AGGRESSIVE;
				CLANG_WARN_UNREACHABLE_CODE = YES;
				CLANG_WARN__DUPLICATE_METHOD_MATCH = YES;
				COPY_PHASE_STRIP = NO;
				DEBUG_INFORMATION_FORMAT = "dwarf-with-dsym";
				ENABLE_NS_ASSERTIONS = NO;
				ENABLE_STRICT_OBJC_MSGSEND = YES;
				ENABLE_USER_SCRIPT_SANDBOXING = YES;
				GCC_C_LANGUAGE_STANDARD = gnu17;
				GCC_NO_COMMON_BLOCKS = YES;
				GCC_WARN_64_TO_32_BIT_CONVERSION = YES;
				GCC_WARN_ABOUT_RETURN_TYPE = YES_ERROR;
				GCC_WARN_UNDECLARED_SELECTOR = YES;
				GCC_WARN_UNINITIALIZED_AUTOS = YES_AGGRESSIVE;
				GCC_WARN_UNUSED_FUNCTION = YES;
				GCC_WARN_UNUSED_VARIABLE = YES;
				IPHONEOS_DEPLOYMENT_TARGET = 17.0;
				LOCALIZATION_PREFERS_STRING_CATALOGS = YES;
				MTL_ENABLE_DEBUG_INFO = NO;
				MTL_FAST_MATH = YES;
				SDKROOT = iphoneos;
				SWIFT_COMPILATION_MODE = wholemodule;
				VALIDATE_PRODUCT = YES;
			};
			name = Release;
		};
		1D1A96B42B8FA824007D0820 /* Debug */ = {
			isa = XCBuildConfiguration;
			buildSettings = {
				ASSETCATALOG_COMPILER_APPICON_NAME = AppIcon;
				ASSETCATALOG_COMPILER_GLOBAL_ACCENT_COLOR_NAME = AccentColor;
				CODE_SIGN_STYLE = Automatic;
				CURRENT_PROJECT_VERSION = 1;
				DEVELOPMENT_TEAM = S727C47Y77;
				GENERATE_INFOPLIST_FILE = YES;
				INFOPLIST_FILE = Comfort_Zone/Info.plist;
				INFOPLIST_KEY_UIApplicationSupportsIndirectInputEvents = YES;
				INFOPLIST_KEY_UILaunchStoryboardName = LaunchScreen;
				INFOPLIST_KEY_UIMainStoryboardFile = Main;
				INFOPLIST_KEY_UISupportedInterfaceOrientations_iPad = "UIInterfaceOrientationPortrait UIInterfaceOrientationPortraitUpsideDown UIInterfaceOrientationLandscapeLeft UIInterfaceOrientationLandscapeRight";
				INFOPLIST_KEY_UISupportedInterfaceOrientations_iPhone = "UIInterfaceOrientationPortrait UIInterfaceOrientationLandscapeLeft UIInterfaceOrientationLandscapeRight";
				LD_RUNPATH_SEARCH_PATHS = (
					"$(inherited)",
					"@executable_path/Frameworks",
				);
				MARKETING_VERSION = 1.0;
				PRODUCT_BUNDLE_IDENTIFIER = "com.mycreationcollections.Comfort-Zone";
				PRODUCT_NAME = "$(TARGET_NAME)";
				SWIFT_EMIT_LOC_STRINGS = YES;
				SWIFT_VERSION = 5.0;
				TARGETED_DEVICE_FAMILY = "1,2";
			};
			name = Debug;
		};
		1D1A96B52B8FA824007D0820 /* Release */ = {
			isa = XCBuildConfiguration;
			buildSettings = {
				ASSETCATALOG_COMPILER_APPICON_NAME = AppIcon;
				ASSETCATALOG_COMPILER_GLOBAL_ACCENT_COLOR_NAME = AccentColor;
				CODE_SIGN_STYLE = Automatic;
				CURRENT_PROJECT_VERSION = 1;
				DEVELOPMENT_TEAM = S727C47Y77;
				GENERATE_INFOPLIST_FILE = YES;
				INFOPLIST_FILE = Comfort_Zone/Info.plist;
				INFOPLIST_KEY_UIApplicationSupportsIndirectInputEvents = YES;
				INFOPLIST_KEY_UILaunchStoryboardName = LaunchScreen;
				INFOPLIST_KEY_UIMainStoryboardFile = Main;
				INFOPLIST_KEY_UISupportedInterfaceOrientations_iPad = "UIInterfaceOrientationPortrait UIInterfaceOrientationPortraitUpsideDown UIInterfaceOrientationLandscapeLeft UIInterfaceOrientationLandscapeRight";
				INFOPLIST_KEY_UISupportedInterfaceOrientations_iPhone = "UIInterfaceOrientationPortrait UIInterfaceOrientationLandscapeLeft UIInterfaceOrientationLandscapeRight";
				LD_RUNPATH_SEARCH_PATHS = (
					"$(inherited)",
					"@executable_path/Frameworks",
				);
				MARKETING_VERSION = 1.0;
				PRODUCT_BUNDLE_IDENTIFIER = "com.mycreationcollections.Comfort-Zone";
				PRODUCT_NAME = "$(TARGET_NAME)";
				SWIFT_EMIT_LOC_STRINGS = YES;
				SWIFT_VERSION = 5.0;
				TARGETED_DEVICE_FAMILY = "1,2";
			};
			name = Release;
		};
/* End XCBuildConfiguration section */

/* Begin XCConfigurationList section */
		1D1A969A2B8FA822007D0820 /* Build configuration list for PBXProject "Comfort_Zone" */ = {
			isa = XCConfigurationList;
			buildConfigurations = (
				1D1A96B12B8FA824007D0820 /* Debug */,
				1D1A96B22B8FA824007D0820 /* Release */,
			);
			defaultConfigurationIsVisible = 0;
			defaultConfigurationName = Release;
		};
		1D1A96B32B8FA824007D0820 /* Build configuration list for PBXNativeTarget "Comfort_Zone" */ = {
			isa = XCConfigurationList;
			buildConfigurations = (
				1D1A96B42B8FA824007D0820 /* Debug */,
				1D1A96B52B8FA824007D0820 /* Release */,
			);
			defaultConfigurationIsVisible = 0;
			defaultConfigurationName = Release;
		};
/* End XCConfigurationList section */

/* Begin XCRemoteSwiftPackageReference section */
		1D72973C2B910FF1002D3A84 /* XCRemoteSwiftPackageReference "lottie-ios" */ = {
			isa = XCRemoteSwiftPackageReference;
			repositoryURL = "https://github.com/airbnb/lottie-ios";
			requirement = {
				kind = upToNextMajorVersion;
				minimumVersion = 4.4.1;
			};
		};
		1D72973F2B910FFD002D3A84 /* XCRemoteSwiftPackageReference "Kingfisher" */ = {
			isa = XCRemoteSwiftPackageReference;
			repositoryURL = "https://github.com/onevcat/Kingfisher.git";
			requirement = {
				kind = upToNextMajorVersion;
				minimumVersion = 7.11.0;
			};
		};
/* End XCRemoteSwiftPackageReference section */

/* Begin XCSwiftPackageProductDependency section */
		1D72973D2B910FF1002D3A84 /* Lottie */ = {
			isa = XCSwiftPackageProductDependency;
			package = 1D72973C2B910FF1002D3A84 /* XCRemoteSwiftPackageReference "lottie-ios" */;
			productName = Lottie;
		};
		1D7297402B910FFD002D3A84 /* Kingfisher */ = {
			isa = XCSwiftPackageProductDependency;
			package = 1D72973F2B910FFD002D3A84 /* XCRemoteSwiftPackageReference "Kingfisher" */;
			productName = Kingfisher;
		};
/* End XCSwiftPackageProductDependency section */
	};
	rootObject = 1D1A96972B8FA822007D0820 /* Project object */;
}
